
Microsoft Visual Studio Solution File, Format Version 12.00
# Visual Studio Version 16
VisualStudioVersion = 16.0.31019.35
MinimumVisualStudioVersion = 10.0.40219.1
Project("{9A19103F-16F7-4668-BE54-9A1E7A4F7556}") = "Lab8_OOP", "Lab8_OOP.csproj", "{CC2BEBE6-5732-4F84-87E1-0ACDBFF6AE6D}"
EndProject
Global
	GlobalSection(SolutionConfigurationPlatforms) = preSolution
		Debug|Any CPU = Debug|Any CPU
		Release|Any CPU = Release|Any CPU
	EndGlobalSection
	GlobalSection(ProjectConfigurationPlatforms) = postSolution
		{CC2BEBE6-5732-4F84-87E1-0ACDBFF6AE6D}.Debug|Any CPU.ActiveCfg = Debug|Any CPU
		{CC2BEBE6-5732-4F84-87E1-0ACDBFF6AE6D}.Debug|Any CPU.Build.0 = Debug|Any CPU
		{CC2BEBE6-5732-4F84-87E1-0ACDBFF6AE6D}.Release|Any CPU.ActiveCfg = Release|Any CPU
		{CC2BEBE6-5732-4F84-87E1-0ACDBFF6AE6D}.Release|Any CPU.Build.0 = Release|Any CPU
	EndGlobalSection
	GlobalSection(SolutionProperties) = preSolution
		HideSolutionNode = FALSE
	EndGlobalSection
	GlobalSection(ExtensibilityGlobals) = postSolution
		SolutionGuid = {6541D851-284A-4DF7-90FA-07B72A35C813}
	EndGlobalSection
EndGlobal
